// !$*UTF8*$!
{
	archiveVersion = 1;
	classes = {
	};
	objectVersion = 50;
	objects = {

/* Begin PBXBuildFile section */
		60CF67F623F0D466005D3668 /* AppDelegate.swift in Sources */ = {isa = PBXBuildFile; fileRef = 60CF67F523F0D466005D3668 /* AppDelegate.swift */; };
		60CF67F823F0D466005D3668 /* SceneDelegate.swift in Sources */ = {isa = PBXBuildFile; fileRef = 60CF67F723F0D466005D3668 /* SceneDelegate.swift */; };
		60CF67FA23F0D466005D3668 /* ContentView.swift in Sources */ = {isa = PBXBuildFile; fileRef = 60CF67F923F0D466005D3668 /* ContentView.swift */; };
		60CF67FC23F0D46A005D3668 /* Assets.xcassets in Resources */ = {isa = PBXBuildFile; fileRef = 60CF67FB23F0D46A005D3668 /* Assets.xcassets */; };
		60CF67FF23F0D46A005D3668 /* Preview Assets.xcassets in Resources */ = {isa = PBXBuildFile; fileRef = 60CF67FE23F0D46A005D3668 /* Preview Assets.xcassets */; };
		60CF680223F0D46A005D3668 /* LaunchScreen.storyboard in Resources */ = {isa = PBXBuildFile; fileRef = 60CF680023F0D46A005D3668 /* LaunchScreen.storyboard */; };
		60CF680D23F0D46A005D3668 /* I_am_RichTests.swift in Sources */ = {isa = PBXBuildFile; fileRef = 60CF680C23F0D46A005D3668 /* I_am_RichTests.swift */; };
		60CF681823F0D46A005D3668 /* I_am_RichUITests.swift in Sources */ = {isa = PBXBuildFile; fileRef = 60CF681723F0D46A005D3668 /* I_am_RichUITests.swift */; };
/* End PBXBuildFile section */

/* Begin PBXContainerItemProxy section */
		60CF680923F0D46A005D3668 /* PBXContainerItemProxy */ = {
			isa = PBXContainerItemProxy;
			containerPortal = 60CF67EA23F0D466005D3668 /* Project object */;
			proxyType = 1;
			remoteGlobalIDString = 60CF67F123F0D466005D3668;
			remoteInfo = "I am Rich";
		};
		60CF681423F0D46A005D3668 /* PBXContainerItemProxy */ = {
			isa = PBXContainerItemProxy;
			containerPortal = 60CF67EA23F0D466005D3668 /* Project object */;
			proxyType = 1;
			remoteGlobalIDString = 60CF67F123F0D466005D3668;
			remoteInfo = "I am Rich";
		};
/* End PBXContainerItemProxy section */

/* Begin PBXFileReference section */
		60CF67F223F0D466005D3668 /* I am Rich.app */ = {isa = PBXFileReference; explicitFileType = wrapper.application; includeInIndex = 0; path = "I am Rich.app"; sourceTree = BUILT_PRODUCTS_DIR; };
		60CF67F523F0D466005D3668 /* AppDelegate.swift */ = {isa = PBXFileReference; lastKnownFileType = sourcecode.swift; path = AppDelegate.swift; sourceTree = "<group>"; };
		60CF67F723F0D466005D3668 /* SceneDelegate.swift */ = {isa = PBXFileReference; lastKnownFileType = sourcecode.swift; path = SceneDelegate.swift; sourceTree = "<group>"; };
		60CF67F923F0D466005D3668 /* ContentView.swift */ = {isa = PBXFileReference; lastKnownFileType = sourcecode.swift; path = ContentView.swift; sourceTree = "<group>"; };
		60CF67FB23F0D46A005D3668 /* Assets.xcassets */ = {isa = PBXFileReference; lastKnownFileType = folder.assetcatalog; path = Assets.xcassets; sourceTree = "<group>"; };
		60CF67FE23F0D46A005D3668 /* Preview Assets.xcassets */ = {isa = PBXFileReference; lastKnownFileType = folder.assetcatalog; path = "Preview Assets.xcassets"; sourceTree = "<group>"; };
		60CF680123F0D46A005D3668 /* Base */ = {isa = PBXFileReference; lastKnownFileType = file.storyboard; name = Base; path = Base.lproj/LaunchScreen.storyboard; sourceTree = "<group>"; };
		60CF680323F0D46A005D3668 /* Info.plist */ = {isa = PBXFileReference; lastKnownFileType = text.plist.xml; path = Info.plist; sourceTree = "<group>"; };
		60CF680823F0D46A005D3668 /* I am RichTests.xctest */ = {isa = PBXFileReference; explicitFileType = wrapper.cfbundle; includeInIndex = 0; path = "I am RichTests.xctest"; sourceTree = BUILT_PRODUCTS_DIR; };
		60CF680C23F0D46A005D3668 /* I_am_RichTests.swift */ = {isa = PBXFileReference; lastKnownFileType = sourcecode.swift; path = I_am_RichTests.swift; sourceTree = "<group>"; };
		60CF680E23F0D46A005D3668 /* Info.plist */ = {isa = PBXFileReference; lastKnownFileType = text.plist.xml; path = Info.plist; sourceTree = "<group>"; };
		60CF681323F0D46A005D3668 /* I am RichUITests.xctest */ = {isa = PBXFileReference; explicitFileType = wrapper.cfbundle; includeInIndex = 0; path = "I am RichUITests.xctest"; sourceTree = BUILT_PRODUCTS_DIR; };
		60CF681723F0D46A005D3668 /* I_am_RichUITests.swift */ = {isa = PBXFileReference; lastKnownFileType = sourcecode.swift; path = I_am_RichUITests.swift; sourceTree = "<group>"; };
		60CF681923F0D46A005D3668 /* Info.plist */ = {isa = PBXFileReference; lastKnownFileType = text.plist.xml; path = Info.plist; sourceTree = "<group>"; };
/* End PBXFileReference section */

/* Begin PBXFrameworksBuildPhase section */
		60CF67EF23F0D466005D3668 /* Frameworks */ = {
			isa = PBXFrameworksBuildPhase;
			buildActionMask = 2147483647;
			files = (
			);
			runOnlyForDeploymentPostprocessing = 0;
		};
		60CF680523F0D46A005D3668 /* Frameworks */ = {
			isa = PBXFrameworksBuildPhase;
			buildActionMask = 2147483647;
			files = (
			);
			runOnlyForDeploymentPostprocessing = 0;
		};
		60CF681023F0D46A005D3668 /* Frameworks */ = {
			isa = PBXFrameworksBuildPhase;
			buildActionMask = 2147483647;
			files = (
			);
			runOnlyForDeploymentPostprocessing = 0;
		};
/* End PBXFrameworksBuildPhase section */

/* Begin PBXGroup section */
		60CF67E923F0D466005D3668 = {
			isa = PBXGroup;
			children = (
				60CF67F423F0D466005D3668 /* I am Rich */,
				60CF680B23F0D46A005D3668 /* I am RichTests */,
				60CF681623F0D46A005D3668 /* I am RichUITests */,
				60CF67F323F0D466005D3668 /* Products */,
			);
			sourceTree = "<group>";
		};
		60CF67F323F0D466005D3668 /* Products */ = {
			isa = PBXGroup;
			children = (
				60CF67F223F0D466005D3668 /* I am Rich.app */,
				60CF680823F0D46A005D3668 /* I am RichTests.xctest */,
				60CF681323F0D46A005D3668 /* I am RichUITests.xctest */,
			);
			name = Products;
			sourceTree = "<group>";
		};
		60CF67F423F0D466005D3668 /* I am Rich */ = {
			isa = PBXGroup;
			children = (
				60CF67F523F0D466005D3668 /* AppDelegate.swift */,
				60CF67F723F0D466005D3668 /* SceneDelegate.swift */,
				60CF67F923F0D466005D3668 /* ContentView.swift */,
				60CF67FB23F0D46A005D3668 /* Assets.xcassets */,
				60CF680023F0D46A005D3668 /* LaunchScreen.storyboard */,
				60CF680323F0D46A005D3668 /* Info.plist */,
				60CF67FD23F0D46A005D3668 /* Preview Content */,
			);
			path = "I am Rich";
			sourceTree = "<group>";
		};
		60CF67FD23F0D46A005D3668 /* Preview Content */ = {
			isa = PBXGroup;
			children = (
				60CF67FE23F0D46A005D3668 /* Preview Assets.xcassets */,
			);
			path = "Preview Content";
			sourceTree = "<group>";
		};
		60CF680B23F0D46A005D3668 /* I am RichTests */ = {
			isa = PBXGroup;
			children = (
				60CF680C23F0D46A005D3668 /* I_am_RichTests.swift */,
				60CF680E23F0D46A005D3668 /* Info.plist */,
			);
			path = "I am RichTests";
			sourceTree = "<group>";
		};
		60CF681623F0D46A005D3668 /* I am RichUITests */ = {
			isa = PBXGroup;
			children = (
				60CF681723F0D46A005D3668 /* I_am_RichUITests.swift */,
				60CF681923F0D46A005D3668 /* Info.plist */,
			);
			path = "I am RichUITests";
			sourceTree = "<group>";
		};
/* End PBXGroup section */

/* Begin PBXNativeTarget section */
		60CF67F123F0D466005D3668 /* I am Rich */ = {
			isa = PBXNativeTarget;
			buildConfigurationList = 60CF681C23F0D46A005D3668 /* Build configuration list for PBXNativeTarget "I am Rich" */;
			buildPhases = (
				60CF67EE23F0D466005D3668 /* Sources */,
				60CF67EF23F0D466005D3668 /* Frameworks */,
				60CF67F023F0D466005D3668 /* Resources */,
			);
			buildRules = (
			);
			dependencies = (
			);
			name = "I am Rich";
			productName = "I am Rich";
			productReference = 60CF67F223F0D466005D3668 /* I am Rich.app */;
			productType = "com.apple.product-type.application";
		};
		60CF680723F0D46A005D3668 /* I am RichTests */ = {
			isa = PBXNativeTarget;
			buildConfigurationList = 60CF681F23F0D46A005D3668 /* Build configuration list for PBXNativeTarget "I am RichTests" */;
			buildPhases = (
				60CF680423F0D46A005D3668 /* Sources */,
				60CF680523F0D46A005D3668 /* Frameworks */,
				60CF680623F0D46A005D3668 /* Resources */,
			);
			buildRules = (
			);
			dependencies = (
				60CF680A23F0D46A005D3668 /* PBXTargetDependency */,
			);
			name = "I am RichTests";
			productName = "I am RichTests";
			productReference = 60CF680823F0D46A005D3668 /* I am RichTests.xctest */;
			productType = "com.apple.product-type.bundle.unit-test";
		};
		60CF681223F0D46A005D3668 /* I am RichUITests */ = {
			isa = PBXNativeTarget;
			buildConfigurationList = 60CF682223F0D46A005D3668 /* Build configuration list for PBXNativeTarget "I am RichUITests" */;
			buildPhases = (
				60CF680F23F0D46A005D3668 /* Sources */,
				60CF681023F0D46A005D3668 /* Frameworks */,
				60CF681123F0D46A005D3668 /* Resources */,
			);
			buildRules = (
			);
			dependencies = (
				60CF681523F0D46A005D3668 /* PBXTargetDependency */,
			);
			name = "I am RichUITests";
			productName = "I am RichUITests";
			productReference = 60CF681323F0D46A005D3668 /* I am RichUITests.xctest */;
			productType = "com.apple.product-type.bundle.ui-testing";
		};
/* End PBXNativeTarget section */

/* Begin PBXProject section */
		60CF67EA23F0D466005D3668 /* Project object */ = {
			isa = PBXProject;
			attributes = {
				LastSwiftUpdateCheck = 1130;
				LastUpgradeCheck = 1130;
				ORGANIZATIONNAME = "Curtis Stilwell";
				TargetAttributes = {
					60CF67F123F0D466005D3668 = {
						CreatedOnToolsVersion = 11.3.1;
					};
					60CF680723F0D46A005D3668 = {
						CreatedOnToolsVersion = 11.3.1;
						TestTargetID = 60CF67F123F0D466005D3668;
					};
					60CF681223F0D46A005D3668 = {
						CreatedOnToolsVersion = 11.3.1;
						TestTargetID = 60CF67F123F0D466005D3668;
					};
				};
			};
			buildConfigurationList = 60CF67ED23F0D466005D3668 /* Build configuration list for PBXProject "I am Rich" */;
			compatibilityVersion = "Xcode 9.3";
			developmentRegion = en;
			hasScannedForEncodings = 0;
			knownRegions = (
				en,
				Base,
			);
			mainGroup = 60CF67E923F0D466005D3668;
			productRefGroup = 60CF67F323F0D466005D3668 /* Products */;
			projectDirPath = "";
			projectRoot = "";
			targets = (
				60CF67F123F0D466005D3668 /* I am Rich */,
				60CF680723F0D46A005D3668 /* I am RichTests */,
				60CF681223F0D46A005D3668 /* I am RichUITests */,
			);
		};
/* End PBXProject section */

/* Begin PBXResourcesBuildPhase section */
		60CF67F023F0D466005D3668 /* Resources */ = {
			isa = PBXResourcesBuildPhase;
			buildActionMask = 2147483647;
			files = (
				60CF680223F0D46A005D3668 /* LaunchScreen.storyboard in Resources */,
				60CF67FF23F0D46A005D3668 /* Preview Assets.xcassets in Resources */,
				60CF67FC23F0D46A005D3668 /* Assets.xcassets in Resources */,
			);
			runOnlyForDeploymentPostprocessing = 0;
		};
		60CF680623F0D46A005D3668 /* Resources */ = {
			isa = PBXResourcesBuildPhase;
			buildActionMask = 2147483647;
			files = (
			);
			runOnlyForDeploymentPostprocessing = 0;
		};
		60CF681123F0D46A005D3668 /* Resources */ = {
			isa = PBXResourcesBuildPhase;
			buildActionMask = 2147483647;
			files = (
			);
			runOnlyForDeploymentPostprocessing = 0;
		};
/* End PBXResourcesBuildPhase section */

/* Begin PBXSourcesBuildPhase section */
		60CF67EE23F0D466005D3668 /* Sources */ = {
			isa = PBXSourcesBuildPhase;
			buildActionMask = 2147483647;
			files = (
				60CF67F623F0D466005D3668 /* AppDelegate.swift in Sources */,
				60CF67F823F0D466005D3668 /* SceneDelegate.swift in Sources */,
				60CF67FA23F0D466005D3668 /* ContentView.swift in Sources */,
			);
			runOnlyForDeploymentPostprocessing = 0;
		};
		60CF680423F0D46A005D3668 /* Sources */ = {
			isa = PBXSourcesBuildPhase;
			buildActionMask = 2147483647;
			files = (
				60CF680D23F0D46A005D3668 /* I_am_RichTests.swift in Sources */,
			);
			runOnlyForDeploymentPostprocessing = 0;
		};
		60CF680F23F0D46A005D3668 /* Sources */ = {
			isa = PBXSourcesBuildPhase;
			buildActionMask = 2147483647;
			files = (
				60CF681823F0D46A005D3668 /* I_am_RichUITests.swift in Sources */,
			);
			runOnlyForDeploymentPostprocessing = 0;
		};
/* End PBXSourcesBuildPhase section */

/* Begin PBXTargetDependency section */
		60CF680A23F0D46A005D3668 /* PBXTargetDependency */ = {
			isa = PBXTargetDependency;
			target = 60CF67F123F0D466005D3668 /* I am Rich */;
			targetProxy = 60CF680923F0D46A005D3668 /* PBXContainerItemProxy */;
		};
		60CF681523F0D46A005D3668 /* PBXTargetDependency */ = {
			isa = PBXTargetDependency;
			target = 60CF67F123F0D466005D3668 /* I am Rich */;
			targetProxy = 60CF681423F0D46A005D3668 /* PBXContainerItemProxy */;
		};
/* End PBXTargetDependency section */

/* Begin PBXVariantGroup section */
		60CF680023F0D46A005D3668 /* LaunchScreen.storyboard */ = {
			isa = PBXVariantGroup;
			children = (
				60CF680123F0D46A005D3668 /* Base */,
			);
			name = LaunchScreen.storyboard;
			sourceTree = "<group>";
		};
/* End PBXVariantGroup section */

/* Begin XCBuildConfiguration section */
		60CF681A23F0D46A005D3668 /* Debug */ = {
			isa = XCBuildConfiguration;
			buildSettings = {
				ALWAYS_SEARCH_USER_PATHS = NO;
				CLANG_ANALYZER_NONNULL = YES;
				CLANG_ANALYZER_NUMBER_OBJECT_CONVERSION = YES_AGGRESSIVE;
				CLANG_CXX_LANGUAGE_STANDARD = "gnu++14";
				CLANG_CXX_LIBRARY = "libc++";
				CLANG_ENABLE_MODULES = YES;
				CLANG_ENABLE_OBJC_ARC = YES;
				CLANG_ENABLE_OBJC_WEAK = YES;
				CLANG_WARN_BLOCK_CAPTURE_AUTORELEASING = YES;
				CLANG_WARN_BOOL_CONVERSION = YES;
				CLANG_WARN_COMMA = YES;
				CLANG_WARN_CONSTANT_CONVERSION = YES;
				CLANG_WARN_DEPRECATED_OBJC_IMPLEMENTATIONS = YES;
				CLANG_WARN_DIRECT_OBJC_ISA_USAGE = YES_ERROR;
				CLANG_WARN_DOCUMENTATION_COMMENTS = YES;
				CLANG_WARN_EMPTY_BODY = YES;
				CLANG_WARN_ENUM_CONVERSION = YES;
				CLANG_WARN_INFINITE_RECURSION = YES;
				CLANG_WARN_INT_CONVERSION = YES;
				CLANG_WARN_NON_LITERAL_NULL_CONVERSION = YES;
				CLANG_WARN_OBJC_IMPLICIT_RETAIN_SELF = YES;
				CLANG_WARN_OBJC_LITERAL_CONVERSION = YES;
				CLANG_WARN_OBJC_ROOT_CLASS = YES_ERROR;
				CLANG_WARN_RANGE_LOOP_ANALYSIS = YES;
				CLANG_WARN_STRICT_PROTOTYPES = YES;
				CLANG_WARN_SUSPICIOUS_MOVE = YES;
				CLANG_WARN_UNGUARDED_AVAILABILITY = YES_AGGRESSIVE;
				CLANG_WARN_UNREACHABLE_CODE = YES;
				CLANG_WARN__DUPLICATE_METHOD_MATCH = YES;
				COPY_PHASE_STRIP = NO;
				DEBUG_INFORMATION_FORMAT = dwarf;
				ENABLE_STRICT_OBJC_MSGSEND = YES;
				ENABLE_TESTABILITY = YES;
				GCC_C_LANGUAGE_STANDARD = gnu11;
				GCC_DYNAMIC_NO_PIC = NO;
				GCC_NO_COMMON_BLOCKS = YES;
				GCC_OPTIMIZATION_LEVEL = 0;
				GCC_PREPROCESSOR_DEFINITIONS = (
					"DEBUG=1",
					"$(inherited)",
				);
				GCC_WARN_64_TO_32_BIT_CONVERSION = YES;
				GCC_WARN_ABOUT_RETURN_TYPE = YES_ERROR;
				GCC_WARN_UNDECLARED_SELECTOR = YES;
				GCC_WARN_UNINITIALIZED_AUTOS = YES_AGGRESSIVE;
				GCC_WARN_UNUSED_FUNCTION = YES;
				GCC_WARN_UNUSED_VARIABLE = YES;
				IPHONEOS_DEPLOYMENT_TARGET = 13.2;
				MTL_ENABLE_DEBUG_INFO = INCLUDE_SOURCE;
				MTL_FAST_MATH = YES;
				ONLY_ACTIVE_ARCH = YES;
				SDKROOT = iphoneos;
				SWIFT_ACTIVE_COMPILATION_CONDITIONS = DEBUG;
				SWIFT_OPTIMIZATION_LEVEL = "-Onone";
			};
			name = Debug;
		};
		60CF681B23F0D46A005D3668 /* Release */ = {
			isa = XCBuildConfiguration;
			buildSettings = {
				ALWAYS_SEARCH_USER_PATHS = NO;
				CLANG_ANALYZER_NONNULL = YES;
				CLANG_ANALYZER_NUMBER_OBJECT_CONVERSION = YES_AGGRESSIVE;
				CLANG_CXX_LANGUAGE_STANDARD = "gnu++14";
				CLANG_CXX_LIBRARY = "libc++";
				CLANG_ENABLE_MODULES = YES;
				CLANG_ENABLE_OBJC_ARC = YES;
				CLANG_ENABLE_OBJC_WEAK = YES;
				CLANG_WARN_BLOCK_CAPTURE_AUTORELEASING = YES;
				CLANG_WARN_BOOL_CONVERSION = YES;
				CLANG_WARN_COMMA = YES;
				CLANG_WARN_CONSTANT_CONVERSION = YES;
				CLANG_WARN_DEPRECATED_OBJC_IMPLEMENTATIONS = YES;
				CLANG_WARN_DIRECT_OBJC_ISA_USAGE = YES_ERROR;
				CLANG_WARN_DOCUMENTATION_COMMENTS = YES;
				CLANG_WARN_EMPTY_BODY = YES;
				CLANG_WARN_ENUM_CONVERSION = YES;
				CLANG_WARN_INFINITE_RECURSION = YES;
				CLANG_WARN_INT_CONVERSION = YES;
				CLANG_WARN_NON_LITERAL_NULL_CONVERSION = YES;
				CLANG_WARN_OBJC_IMPLICIT_RETAIN_SELF = YES;
				CLANG_WARN_OBJC_LITERAL_CONVERSION = YES;
				CLANG_WARN_OBJC_ROOT_CLASS = YES_ERROR;
				CLANG_WARN_RANGE_LOOP_ANALYSIS = YES;
				CLANG_WARN_STRICT_PROTOTYPES = YES;
				CLANG_WARN_SUSPICIOUS_MOVE = YES;
				CLANG_WARN_UNGUARDED_AVAILABILITY = YES_AGGRESSIVE;
				CLANG_WARN_UNREACHABLE_CODE = YES;
				CLANG_WARN__DUPLICATE_METHOD_MATCH = YES;
				COPY_PHASE_STRIP = NO;
				DEBUG_INFORMATION_FORMAT = "dwarf-with-dsym";
				ENABLE_NS_ASSERTIONS = NO;
				ENABLE_STRICT_OBJC_MSGSEND = YES;
				GCC_C_LANGUAGE_STANDARD = gnu11;
				GCC_NO_COMMON_BLOCKS = YES;
				GCC_WARN_64_TO_32_BIT_CONVERSION = YES;
				GCC_WARN_ABOUT_RETURN_TYPE = YES_ERROR;
				GCC_WARN_UNDECLARED_SELECTOR = YES;
				GCC_WARN_UNINITIALIZED_AUTOS = YES_AGGRESSIVE;
				GCC_WARN_UNUSED_FUNCTION = YES;
				GCC_WARN_UNUSED_VARIABLE = YES;
				IPHONEOS_DEPLOYMENT_TARGET = 13.2;
				MTL_ENABLE_DEBUG_INFO = NO;
				MTL_FAST_MATH = YES;
				SDKROOT = iphoneos;
				SWIFT_COMPILATION_MODE = wholemodule;
				SWIFT_OPTIMIZATION_LEVEL = "-O";
				VALIDATE_PRODUCT = YES;
			};
			name = Release;
		};
		60CF681D23F0D46A005D3668 /* Debug */ = {
			isa = XCBuildConfiguration;
			buildSettings = {
				ASSETCATALOG_COMPILER_APPICON_NAME = AppIcon;
				CODE_SIGN_STYLE = Automatic;
				DEVELOPMENT_ASSET_PATHS = "\"I am Rich/Preview Content\"";
				ENABLE_PREVIEWS = YES;
				INFOPLIST_FILE = "I am Rich/Info.plist";
				LD_RUNPATH_SEARCH_PATHS = (
					"$(inherited)",
					"@executable_path/Frameworks",
				);
				PRODUCT_BUNDLE_IDENTIFIER = "com.curtisstilwell.I-am-Rich";
				PRODUCT_NAME = "$(TARGET_NAME)";
				SWIFT_VERSION = 5.0;
				TARGETED_DEVICE_FAMILY = "1,2";
			};
			name = Debug;
		};
		60CF681E23F0D46A005D3668 /* Release */ = {
			isa = XCBuildConfiguration;
			buildSettings = {
				ASSETCATALOG_COMPILER_APPICON_NAME = AppIcon;
				CODE_SIGN_STYLE = Automatic;
				DEVELOPMENT_ASSET_PATHS = "\"I am Rich/Preview Content\"";
				ENABLE_PREVIEWS = YES;
				INFOPLIST_FILE = "I am Rich/Info.plist";
				LD_RUNPATH_SEARCH_PATHS = (
					"$(inherited)",
					"@executable_path/Frameworks",
				);
				PRODUCT_BUNDLE_IDENTIFIER = "com.curtisstilwell.I-am-Rich";
				PRODUCT_NAME = "$(TARGET_NAME)";
				SWIFT_VERSION = 5.0;
				TARGETED_DEVICE_FAMILY = "1,2";
			};
			name = Release;
		};
		60CF682023F0D46A005D3668 /* Debug */ = {
			isa = XCBuildConfiguration;
			buildSettings = {
				ALWAYS_EMBED_SWIFT_STANDARD_LIBRARIES = YES;
				BUNDLE_LOADER = "$(TEST_HOST)";
				CODE_SIGN_STYLE = Automatic;
				INFOPLIST_FILE = "I am RichTests/Info.plist";
				IPHONEOS_DEPLOYMENT_TARGET = 13.2;
				LD_RUNPATH_SEARCH_PATHS = (
					"$(inherited)",
					"@executable_path/Frameworks",
					"@loader_path/Frameworks",
				);
				PRODUCT_BUNDLE_IDENTIFIER = "com.curtisstilwell.I-am-RichTests";
				PRODUCT_NAME = "$(TARGET_NAME)";
				SWIFT_VERSION = 5.0;
				TARGETED_DEVICE_FAMILY = "1,2";
				TEST_HOST = "$(BUILT_PRODUCTS_DIR)/I am Rich.app/I am Rich";
			};
			name = Debug;
		};
		60CF682123F0D46A005D3668 /* Release */ = {
			isa = XCBuildConfiguration;
			buildSettings = {
				ALWAYS_EMBED_SWIFT_STANDARD_LIBRARIES = YES;
				BUNDLE_LOADER = "$(TEST_HOST)";
				CODE_SIGN_STYLE = Automatic;
				INFOPLIST_FILE = "I am RichTests/Info.plist";
				IPHONEOS_DEPLOYMENT_TARGET = 13.2;
				LD_RUNPATH_SEARCH_PATHS = (
					"$(inherited)",
					"@executable_path/Frameworks",
					"@loader_path/Frameworks",
				);
				PRODUCT_BUNDLE_IDENTIFIER = "com.curtisstilwell.I-am-RichTests";
				PRODUCT_NAME = "$(TARGET_NAME)";
				SWIFT_VERSION = 5.0;
				TARGETED_DEVICE_FAMILY = "1,2";
				TEST_HOST = "$(BUILT_PRODUCTS_DIR)/I am Rich.app/I am Rich";
			};
			name = Release;
		};
		60CF682323F0D46A005D3668 /* Debug */ = {
			isa = XCBuildConfiguration;
			buildSettings = {
				ALWAYS_EMBED_SWIFT_STANDARD_LIBRARIES = YES;
				CODE_SIGN_STYLE = Automatic;
				INFOPLIST_FILE = "I am RichUITests/Info.plist";
				LD_RUNPATH_SEARCH_PATHS = (
					"$(inherited)",
					"@executable_path/Frameworks",
					"@loader_path/Frameworks",
				);
				PRODUCT_BUNDLE_IDENTIFIER = "com.curtisstilwell.I-am-RichUITests";
				PRODUCT_NAME = "$(TARGET_NAME)";
				SWIFT_VERSION = 5.0;
				TARGETED_DEVICE_FAMILY = "1,2";
				TEST_TARGET_NAME = "I am Rich";
			};
			name = Debug;
		};
		60CF682423F0D46A005D3668 /* Release */ = {
			isa = XCBuildConfiguration;
			buildSettings = {
				ALWAYS_EMBED_SWIFT_STANDARD_LIBRARIES = YES;
				CODE_SIGN_STYLE = Automatic;
				INFOPLIST_FILE = "I am RichUITests/Info.plist";
				LD_RUNPATH_SEARCH_PATHS = (
					"$(inherited)",
					"@executable_path/Frameworks",
					"@loader_path/Frameworks",
				);
				PRODUCT_BUNDLE_IDENTIFIER = "com.curtisstilwell.I-am-RichUITests";
				PRODUCT_NAME = "$(TARGET_NAME)";
				SWIFT_VERSION = 5.0;
				TARGETED_DEVICE_FAMILY = "1,2";
				TEST_TARGET_NAME = "I am Rich";
			};
			name = Release;
		};
/* End XCBuildConfiguration section */

/* Begin XCConfigurationList section */
		60CF67ED23F0D466005D3668 /* Build configuration list for PBXProject "I am Rich" */ = {
			isa = XCConfigurationList;
			buildConfigurations = (
				60CF681A23F0D46A005D3668 /* Debug */,
				60CF681B23F0D46A005D3668 /* Release */,
			);
			defaultConfigurationIsVisible = 0;
			defaultConfigurationName = Release;
		};
		60CF681C23F0D46A005D3668 /* Build configuration list for PBXNativeTarget "I am Rich" */ = {
			isa = XCConfigurationList;
			buildConfigurations = (
				60CF681D23F0D46A005D3668 /* Debug */,
				60CF681E23F0D46A005D3668 /* Release */,
			);
			defaultConfigurationIsVisible = 0;
			defaultConfigurationName = Release;
		};
		60CF681F23F0D46A005D3668 /* Build configuration list for PBXNativeTarget "I am RichTests" */ = {
			isa = XCConfigurationList;
			buildConfigurations = (
				60CF682023F0D46A005D3668 /* Debug */,
				60CF682123F0D46A005D3668 /* Release */,
			);
			defaultConfigurationIsVisible = 0;
			defaultConfigurationName = Release;
		};
		60CF682223F0D46A005D3668 /* Build configuration list for PBXNativeTarget "I am RichUITests" */ = {
			isa = XCConfigurationList;
			buildConfigurations = (
				60CF682323F0D46A005D3668 /* Debug */,
				60CF682423F0D46A005D3668 /* Release */,
			);
			defaultConfigurationIsVisible = 0;
			defaultConfigurationName = Release;
		};
/* End XCConfigurationList section */
	};
	rootObject = 60CF67EA23F0D466005D3668 /* Project object */;
}
