// !$*UTF8*$!
{
	archiveVersion = 1;
	classes = {
	};
	objectVersion = 50;
	objects = {

/* Begin PBXBuildFile section */
		608C670B23F81CAE006F4ECE /* InfoView.swift in Sources */ = {isa = PBXBuildFile; fileRef = 608C670A23F81CAE006F4ECE /* InfoView.swift */; };
		60CF683223F0DEC8005D3668 /* AppDelegate.swift in Sources */ = {isa = PBXBuildFile; fileRef = 60CF683123F0DEC8005D3668 /* AppDelegate.swift */; };
		60CF683423F0DEC8005D3668 /* SceneDelegate.swift in Sources */ = {isa = PBXBuildFile; fileRef = 60CF683323F0DEC8005D3668 /* SceneDelegate.swift */; };
		60CF683623F0DEC8005D3668 /* ContentView.swift in Sources */ = {isa = PBXBuildFile; fileRef = 60CF683523F0DEC8005D3668 /* ContentView.swift */; };
		60CF683823F0DECB005D3668 /* Assets.xcassets in Resources */ = {isa = PBXBuildFile; fileRef = 60CF683723F0DECB005D3668 /* Assets.xcassets */; };
		60CF683B23F0DECB005D3668 /* Preview Assets.xcassets in Resources */ = {isa = PBXBuildFile; fileRef = 60CF683A23F0DECB005D3668 /* Preview Assets.xcassets */; };
		60CF683E23F0DECB005D3668 /* LaunchScreen.storyboard in Resources */ = {isa = PBXBuildFile; fileRef = 60CF683C23F0DECB005D3668 /* LaunchScreen.storyboard */; };
		60CF684923F0DECB005D3668 /* AngelaCardTests.swift in Sources */ = {isa = PBXBuildFile; fileRef = 60CF684823F0DECB005D3668 /* AngelaCardTests.swift */; };
		60CF685423F0DECB005D3668 /* AngelaCardUITests.swift in Sources */ = {isa = PBXBuildFile; fileRef = 60CF685323F0DECB005D3668 /* AngelaCardUITests.swift */; };
/* End PBXBuildFile section */

/* Begin PBXContainerItemProxy section */
		60CF684523F0DECB005D3668 /* PBXContainerItemProxy */ = {
			isa = PBXContainerItemProxy;
			containerPortal = 60CF682623F0DEC8005D3668 /* Project object */;
			proxyType = 1;
			remoteGlobalIDString = 60CF682D23F0DEC8005D3668;
			remoteInfo = AngelaCard;
		};
		60CF685023F0DECB005D3668 /* PBXContainerItemProxy */ = {
			isa = PBXContainerItemProxy;
			containerPortal = 60CF682623F0DEC8005D3668 /* Project object */;
			proxyType = 1;
			remoteGlobalIDString = 60CF682D23F0DEC8005D3668;
			remoteInfo = AngelaCard;
		};
/* End PBXContainerItemProxy section */

/* Begin PBXFileReference section */
		608C670523F8190B006F4ECE /* Pacifico-Regular.ttf */ = {isa = PBXFileReference; lastKnownFileType = file; path = "Pacifico-Regular.ttf"; sourceTree = "<group>"; };
		608C670A23F81CAE006F4ECE /* InfoView.swift */ = {isa = PBXFileReference; lastKnownFileType = sourcecode.swift; path = InfoView.swift; sourceTree = "<group>"; };
		60CF682E23F0DEC8005D3668 /* AngelaCard.app */ = {isa = PBXFileReference; explicitFileType = wrapper.application; includeInIndex = 0; path = AngelaCard.app; sourceTree = BUILT_PRODUCTS_DIR; };
		60CF683123F0DEC8005D3668 /* AppDelegate.swift */ = {isa = PBXFileReference; lastKnownFileType = sourcecode.swift; path = AppDelegate.swift; sourceTree = "<group>"; };
		60CF683323F0DEC8005D3668 /* SceneDelegate.swift */ = {isa = PBXFileReference; lastKnownFileType = sourcecode.swift; path = SceneDelegate.swift; sourceTree = "<group>"; };
		60CF683523F0DEC8005D3668 /* ContentView.swift */ = {isa = PBXFileReference; lastKnownFileType = sourcecode.swift; path = ContentView.swift; sourceTree = "<group>"; };
		60CF683723F0DECB005D3668 /* Assets.xcassets */ = {isa = PBXFileReference; lastKnownFileType = folder.assetcatalog; path = Assets.xcassets; sourceTree = "<group>"; };
		60CF683A23F0DECB005D3668 /* Preview Assets.xcassets */ = {isa = PBXFileReference; lastKnownFileType = folder.assetcatalog; path = "Preview Assets.xcassets"; sourceTree = "<group>"; };
		60CF683D23F0DECB005D3668 /* Base */ = {isa = PBXFileReference; lastKnownFileType = file.storyboard; name = Base; path = Base.lproj/LaunchScreen.storyboard; sourceTree = "<group>"; };
		60CF683F23F0DECB005D3668 /* Info.plist */ = {isa = PBXFileReference; lastKnownFileType = text.plist.xml; path = Info.plist; sourceTree = "<group>"; };
		60CF684423F0DECB005D3668 /* AngelaCardTests.xctest */ = {isa = PBXFileReference; explicitFileType = wrapper.cfbundle; includeInIndex = 0; path = AngelaCardTests.xctest; sourceTree = BUILT_PRODUCTS_DIR; };
		60CF684823F0DECB005D3668 /* AngelaCardTests.swift */ = {isa = PBXFileReference; lastKnownFileType = sourcecode.swift; path = AngelaCardTests.swift; sourceTree = "<group>"; };
		60CF684A23F0DECB005D3668 /* Info.plist */ = {isa = PBXFileReference; lastKnownFileType = text.plist.xml; path = Info.plist; sourceTree = "<group>"; };
		60CF684F23F0DECB005D3668 /* AngelaCardUITests.xctest */ = {isa = PBXFileReference; explicitFileType = wrapper.cfbundle; includeInIndex = 0; path = AngelaCardUITests.xctest; sourceTree = BUILT_PRODUCTS_DIR; };
		60CF685323F0DECB005D3668 /* AngelaCardUITests.swift */ = {isa = PBXFileReference; lastKnownFileType = sourcecode.swift; path = AngelaCardUITests.swift; sourceTree = "<group>"; };
		60CF685523F0DECB005D3668 /* Info.plist */ = {isa = PBXFileReference; lastKnownFileType = text.plist.xml; path = Info.plist; sourceTree = "<group>"; };
/* End PBXFileReference section */

/* Begin PBXFrameworksBuildPhase section */
		60CF682B23F0DEC8005D3668 /* Frameworks */ = {
			isa = PBXFrameworksBuildPhase;
			buildActionMask = 2147483647;
			files = (
			);
			runOnlyForDeploymentPostprocessing = 0;
		};
		60CF684123F0DECB005D3668 /* Frameworks */ = {
			isa = PBXFrameworksBuildPhase;
			buildActionMask = 2147483647;
			files = (
			);
			runOnlyForDeploymentPostprocessing = 0;
		};
		60CF684C23F0DECB005D3668 /* Frameworks */ = {
			isa = PBXFrameworksBuildPhase;
			buildActionMask = 2147483647;
			files = (
			);
			runOnlyForDeploymentPostprocessing = 0;
		};
/* End PBXFrameworksBuildPhase section */

/* Begin PBXGroup section */
		60CF682523F0DEC8005D3668 = {
			isa = PBXGroup;
			children = (
				60CF683023F0DEC8005D3668 /* AngelaCard */,
				60CF684723F0DECB005D3668 /* AngelaCardTests */,
				60CF685223F0DECB005D3668 /* AngelaCardUITests */,
				60CF682F23F0DEC8005D3668 /* Products */,
			);
			sourceTree = "<group>";
		};
		60CF682F23F0DEC8005D3668 /* Products */ = {
			isa = PBXGroup;
			children = (
				60CF682E23F0DEC8005D3668 /* AngelaCard.app */,
				60CF684423F0DECB005D3668 /* AngelaCardTests.xctest */,
				60CF684F23F0DECB005D3668 /* AngelaCardUITests.xctest */,
			);
			name = Products;
			sourceTree = "<group>";
		};
		60CF683023F0DEC8005D3668 /* AngelaCard */ = {
			isa = PBXGroup;
			children = (
				60CF686123F0E080005D3668 /* fonts */,
				60CF683123F0DEC8005D3668 /* AppDelegate.swift */,
				60CF683323F0DEC8005D3668 /* SceneDelegate.swift */,
				60CF683523F0DEC8005D3668 /* ContentView.swift */,
				608C670A23F81CAE006F4ECE /* InfoView.swift */,
				60CF683723F0DECB005D3668 /* Assets.xcassets */,
				60CF683C23F0DECB005D3668 /* LaunchScreen.storyboard */,
				60CF683F23F0DECB005D3668 /* Info.plist */,
				60CF683923F0DECB005D3668 /* Preview Content */,
			);
			path = AngelaCard;
			sourceTree = "<group>";
		};
		60CF683923F0DECB005D3668 /* Preview Content */ = {
			isa = PBXGroup;
			children = (
				60CF683A23F0DECB005D3668 /* Preview Assets.xcassets */,
			);
			path = "Preview Content";
			sourceTree = "<group>";
		};
		60CF684723F0DECB005D3668 /* AngelaCardTests */ = {
			isa = PBXGroup;
			children = (
				60CF684823F0DECB005D3668 /* AngelaCardTests.swift */,
				60CF684A23F0DECB005D3668 /* Info.plist */,
			);
			path = AngelaCardTests;
			sourceTree = "<group>";
		};
		60CF685223F0DECB005D3668 /* AngelaCardUITests */ = {
			isa = PBXGroup;
			children = (
				60CF685323F0DECB005D3668 /* AngelaCardUITests.swift */,
				60CF685523F0DECB005D3668 /* Info.plist */,
			);
			path = AngelaCardUITests;
			sourceTree = "<group>";
		};
		60CF686123F0E080005D3668 /* fonts */ = {
			isa = PBXGroup;
			children = (
				608C670523F8190B006F4ECE /* Pacifico-Regular.ttf */,
			);
			path = fonts;
			sourceTree = "<group>";
		};
/* End PBXGroup section */

/* Begin PBXNativeTarget section */
		60CF682D23F0DEC8005D3668 /* AngelaCard */ = {
			isa = PBXNativeTarget;
			buildConfigurationList = 60CF685823F0DECB005D3668 /* Build configuration list for PBXNativeTarget "AngelaCard" */;
			buildPhases = (
				60CF682A23F0DEC8005D3668 /* Sources */,
				60CF682B23F0DEC8005D3668 /* Frameworks */,
				60CF682C23F0DEC8005D3668 /* Resources */,
			);
			buildRules = (
			);
			dependencies = (
			);
			name = AngelaCard;
			productName = AngelaCard;
			productReference = 60CF682E23F0DEC8005D3668 /* AngelaCard.app */;
			productType = "com.apple.product-type.application";
		};
		60CF684323F0DECB005D3668 /* AngelaCardTests */ = {
			isa = PBXNativeTarget;
			buildConfigurationList = 60CF685B23F0DECB005D3668 /* Build configuration list for PBXNativeTarget "AngelaCardTests" */;
			buildPhases = (
				60CF684023F0DECB005D3668 /* Sources */,
				60CF684123F0DECB005D3668 /* Frameworks */,
				60CF684223F0DECB005D3668 /* Resources */,
			);
			buildRules = (
			);
			dependencies = (
				60CF684623F0DECB005D3668 /* PBXTargetDependency */,
			);
			name = AngelaCardTests;
			productName = AngelaCardTests;
			productReference = 60CF684423F0DECB005D3668 /* AngelaCardTests.xctest */;
			productType = "com.apple.product-type.bundle.unit-test";
		};
		60CF684E23F0DECB005D3668 /* AngelaCardUITests */ = {
			isa = PBXNativeTarget;
			buildConfigurationList = 60CF685E23F0DECB005D3668 /* Build configuration list for PBXNativeTarget "AngelaCardUITests" */;
			buildPhases = (
				60CF684B23F0DECB005D3668 /* Sources */,
				60CF684C23F0DECB005D3668 /* Frameworks */,
				60CF684D23F0DECB005D3668 /* Resources */,
			);
			buildRules = (
			);
			dependencies = (
				60CF685123F0DECB005D3668 /* PBXTargetDependency */,
			);
			name = AngelaCardUITests;
			productName = AngelaCardUITests;
			productReference = 60CF684F23F0DECB005D3668 /* AngelaCardUITests.xctest */;
			productType = "com.apple.product-type.bundle.ui-testing";
		};
/* End PBXNativeTarget section */

/* Begin PBXProject section */
		60CF682623F0DEC8005D3668 /* Project object */ = {
			isa = PBXProject;
			attributes = {
				LastSwiftUpdateCheck = 1130;
				LastUpgradeCheck = 1130;
				ORGANIZATIONNAME = "Curtis Stilwell";
				TargetAttributes = {
					60CF682D23F0DEC8005D3668 = {
						CreatedOnToolsVersion = 11.3.1;
					};
					60CF684323F0DECB005D3668 = {
						CreatedOnToolsVersion = 11.3.1;
						TestTargetID = 60CF682D23F0DEC8005D3668;
					};
					60CF684E23F0DECB005D3668 = {
						CreatedOnToolsVersion = 11.3.1;
						TestTargetID = 60CF682D23F0DEC8005D3668;
					};
				};
			};
			buildConfigurationList = 60CF682923F0DEC8005D3668 /* Build configuration list for PBXProject "AngelaCard" */;
			compatibilityVersion = "Xcode 9.3";
			developmentRegion = en;
			hasScannedForEncodings = 0;
			knownRegions = (
				en,
				Base,
			);
			mainGroup = 60CF682523F0DEC8005D3668;
			productRefGroup = 60CF682F23F0DEC8005D3668 /* Products */;
			projectDirPath = "";
			projectRoot = "";
			targets = (
				60CF682D23F0DEC8005D3668 /* AngelaCard */,
				60CF684323F0DECB005D3668 /* AngelaCardTests */,
				60CF684E23F0DECB005D3668 /* AngelaCardUITests */,
			);
		};
/* End PBXProject section */

/* Begin PBXResourcesBuildPhase section */
		60CF682C23F0DEC8005D3668 /* Resources */ = {
			isa = PBXResourcesBuildPhase;
			buildActionMask = 2147483647;
			files = (
				60CF683E23F0DECB005D3668 /* LaunchScreen.storyboard in Resources */,
				60CF683B23F0DECB005D3668 /* Preview Assets.xcassets in Resources */,
				60CF683823F0DECB005D3668 /* Assets.xcassets in Resources */,
			);
			runOnlyForDeploymentPostprocessing = 0;
		};
		60CF684223F0DECB005D3668 /* Resources */ = {
			isa = PBXResourcesBuildPhase;
			buildActionMask = 2147483647;
			files = (
			);
			runOnlyForDeploymentPostprocessing = 0;
		};
		60CF684D23F0DECB005D3668 /* Resources */ = {
			isa = PBXResourcesBuildPhase;
			buildActionMask = 2147483647;
			files = (
			);
			runOnlyForDeploymentPostprocessing = 0;
		};
/* End PBXResourcesBuildPhase section */

/* Begin PBXSourcesBuildPhase section */
		60CF682A23F0DEC8005D3668 /* Sources */ = {
			isa = PBXSourcesBuildPhase;
			buildActionMask = 2147483647;
			files = (
				608C670B23F81CAE006F4ECE /* InfoView.swift in Sources */,
				60CF683223F0DEC8005D3668 /* AppDelegate.swift in Sources */,
				60CF683423F0DEC8005D3668 /* SceneDelegate.swift in Sources */,
				60CF683623F0DEC8005D3668 /* ContentView.swift in Sources */,
			);
			runOnlyForDeploymentPostprocessing = 0;
		};
		60CF684023F0DECB005D3668 /* Sources */ = {
			isa = PBXSourcesBuildPhase;
			buildActionMask = 2147483647;
			files = (
				60CF684923F0DECB005D3668 /* AngelaCardTests.swift in Sources */,
			);
			runOnlyForDeploymentPostprocessing = 0;
		};
		60CF684B23F0DECB005D3668 /* Sources */ = {
			isa = PBXSourcesBuildPhase;
			buildActionMask = 2147483647;
			files = (
				60CF685423F0DECB005D3668 /* AngelaCardUITests.swift in Sources */,
			);
			runOnlyForDeploymentPostprocessing = 0;
		};
/* End PBXSourcesBuildPhase section */

/* Begin PBXTargetDependency section */
		60CF684623F0DECB005D3668 /* PBXTargetDependency */ = {
			isa = PBXTargetDependency;
			target = 60CF682D23F0DEC8005D3668 /* AngelaCard */;
			targetProxy = 60CF684523F0DECB005D3668 /* PBXContainerItemProxy */;
		};
		60CF685123F0DECB005D3668 /* PBXTargetDependency */ = {
			isa = PBXTargetDependency;
			target = 60CF682D23F0DEC8005D3668 /* AngelaCard */;
			targetProxy = 60CF685023F0DECB005D3668 /* PBXContainerItemProxy */;
		};
/* End PBXTargetDependency section */

/* Begin PBXVariantGroup section */
		60CF683C23F0DECB005D3668 /* LaunchScreen.storyboard */ = {
			isa = PBXVariantGroup;
			children = (
				60CF683D23F0DECB005D3668 /* Base */,
			);
			name = LaunchScreen.storyboard;
			sourceTree = "<group>";
		};
/* End PBXVariantGroup section */

/* Begin XCBuildConfiguration section */
		60CF685623F0DECB005D3668 /* Debug */ = {
			isa = XCBuildConfiguration;
			buildSettings = {
				ALWAYS_SEARCH_USER_PATHS = NO;
				CLANG_ANALYZER_NONNULL = YES;
				CLANG_ANALYZER_NUMBER_OBJECT_CONVERSION = YES_AGGRESSIVE;
				CLANG_CXX_LANGUAGE_STANDARD = "gnu++14";
				CLANG_CXX_LIBRARY = "libc++";
				CLANG_ENABLE_MODULES = YES;
				CLANG_ENABLE_OBJC_ARC = YES;
				CLANG_ENABLE_OBJC_WEAK = YES;
				CLANG_WARN_BLOCK_CAPTURE_AUTORELEASING = YES;
				CLANG_WARN_BOOL_CONVERSION = YES;
				CLANG_WARN_COMMA = YES;
				CLANG_WARN_CONSTANT_CONVERSION = YES;
				CLANG_WARN_DEPRECATED_OBJC_IMPLEMENTATIONS = YES;
				CLANG_WARN_DIRECT_OBJC_ISA_USAGE = YES_ERROR;
				CLANG_WARN_DOCUMENTATION_COMMENTS = YES;
				CLANG_WARN_EMPTY_BODY = YES;
				CLANG_WARN_ENUM_CONVERSION = YES;
				CLANG_WARN_INFINITE_RECURSION = YES;
				CLANG_WARN_INT_CONVERSION = YES;
				CLANG_WARN_NON_LITERAL_NULL_CONVERSION = YES;
				CLANG_WARN_OBJC_IMPLICIT_RETAIN_SELF = YES;
				CLANG_WARN_OBJC_LITERAL_CONVERSION = YES;
				CLANG_WARN_OBJC_ROOT_CLASS = YES_ERROR;
				CLANG_WARN_RANGE_LOOP_ANALYSIS = YES;
				CLANG_WARN_STRICT_PROTOTYPES = YES;
				CLANG_WARN_SUSPICIOUS_MOVE = YES;
				CLANG_WARN_UNGUARDED_AVAILABILITY = YES_AGGRESSIVE;
				CLANG_WARN_UNREACHABLE_CODE = YES;
				CLANG_WARN__DUPLICATE_METHOD_MATCH = YES;
				COPY_PHASE_STRIP = NO;
				DEBUG_INFORMATION_FORMAT = dwarf;
				ENABLE_STRICT_OBJC_MSGSEND = YES;
				ENABLE_TESTABILITY = YES;
				GCC_C_LANGUAGE_STANDARD = gnu11;
				GCC_DYNAMIC_NO_PIC = NO;
				GCC_NO_COMMON_BLOCKS = YES;
				GCC_OPTIMIZATION_LEVEL = 0;
				GCC_PREPROCESSOR_DEFINITIONS = (
					"DEBUG=1",
					"$(inherited)",
				);
				GCC_WARN_64_TO_32_BIT_CONVERSION = YES;
				GCC_WARN_ABOUT_RETURN_TYPE = YES_ERROR;
				GCC_WARN_UNDECLARED_SELECTOR = YES;
				GCC_WARN_UNINITIALIZED_AUTOS = YES_AGGRESSIVE;
				GCC_WARN_UNUSED_FUNCTION = YES;
				GCC_WARN_UNUSED_VARIABLE = YES;
				IPHONEOS_DEPLOYMENT_TARGET = 13.2;
				MTL_ENABLE_DEBUG_INFO = INCLUDE_SOURCE;
				MTL_FAST_MATH = YES;
				ONLY_ACTIVE_ARCH = YES;
				SDKROOT = iphoneos;
				SWIFT_ACTIVE_COMPILATION_CONDITIONS = DEBUG;
				SWIFT_OPTIMIZATION_LEVEL = "-Onone";
			};
			name = Debug;
		};
		60CF685723F0DECB005D3668 /* Release */ = {
			isa = XCBuildConfiguration;
			buildSettings = {
				ALWAYS_SEARCH_USER_PATHS = NO;
				CLANG_ANALYZER_NONNULL = YES;
				CLANG_ANALYZER_NUMBER_OBJECT_CONVERSION = YES_AGGRESSIVE;
				CLANG_CXX_LANGUAGE_STANDARD = "gnu++14";
				CLANG_CXX_LIBRARY = "libc++";
				CLANG_ENABLE_MODULES = YES;
				CLANG_ENABLE_OBJC_ARC = YES;
				CLANG_ENABLE_OBJC_WEAK = YES;
				CLANG_WARN_BLOCK_CAPTURE_AUTORELEASING = YES;
				CLANG_WARN_BOOL_CONVERSION = YES;
				CLANG_WARN_COMMA = YES;
				CLANG_WARN_CONSTANT_CONVERSION = YES;
				CLANG_WARN_DEPRECATED_OBJC_IMPLEMENTATIONS = YES;
				CLANG_WARN_DIRECT_OBJC_ISA_USAGE = YES_ERROR;
				CLANG_WARN_DOCUMENTATION_COMMENTS = YES;
				CLANG_WARN_EMPTY_BODY = YES;
				CLANG_WARN_ENUM_CONVERSION = YES;
				CLANG_WARN_INFINITE_RECURSION = YES;
				CLANG_WARN_INT_CONVERSION = YES;
				CLANG_WARN_NON_LITERAL_NULL_CONVERSION = YES;
				CLANG_WARN_OBJC_IMPLICIT_RETAIN_SELF = YES;
				CLANG_WARN_OBJC_LITERAL_CONVERSION = YES;
				CLANG_WARN_OBJC_ROOT_CLASS = YES_ERROR;
				CLANG_WARN_RANGE_LOOP_ANALYSIS = YES;
				CLANG_WARN_STRICT_PROTOTYPES = YES;
				CLANG_WARN_SUSPICIOUS_MOVE = YES;
				CLANG_WARN_UNGUARDED_AVAILABILITY = YES_AGGRESSIVE;
				CLANG_WARN_UNREACHABLE_CODE = YES;
				CLANG_WARN__DUPLICATE_METHOD_MATCH = YES;
				COPY_PHASE_STRIP = NO;
				DEBUG_INFORMATION_FORMAT = "dwarf-with-dsym";
				ENABLE_NS_ASSERTIONS = NO;
				ENABLE_STRICT_OBJC_MSGSEND = YES;
				GCC_C_LANGUAGE_STANDARD = gnu11;
				GCC_NO_COMMON_BLOCKS = YES;
				GCC_WARN_64_TO_32_BIT_CONVERSION = YES;
				GCC_WARN_ABOUT_RETURN_TYPE = YES_ERROR;
				GCC_WARN_UNDECLARED_SELECTOR = YES;
				GCC_WARN_UNINITIALIZED_AUTOS = YES_AGGRESSIVE;
				GCC_WARN_UNUSED_FUNCTION = YES;
				GCC_WARN_UNUSED_VARIABLE = YES;
				IPHONEOS_DEPLOYMENT_TARGET = 13.2;
				MTL_ENABLE_DEBUG_INFO = NO;
				MTL_FAST_MATH = YES;
				SDKROOT = iphoneos;
				SWIFT_COMPILATION_MODE = wholemodule;
				SWIFT_OPTIMIZATION_LEVEL = "-O";
				VALIDATE_PRODUCT = YES;
			};
			name = Release;
		};
		60CF685923F0DECB005D3668 /* Debug */ = {
			isa = XCBuildConfiguration;
			buildSettings = {
				ASSETCATALOG_COMPILER_APPICON_NAME = AppIcon;
				CODE_SIGN_STYLE = Automatic;
				DEVELOPMENT_ASSET_PATHS = "\"AngelaCard/Preview Content\"";
				ENABLE_PREVIEWS = YES;
				INFOPLIST_FILE = AngelaCard/Info.plist;
				LD_RUNPATH_SEARCH_PATHS = (
					"$(inherited)",
					"@executable_path/Frameworks",
				);
				PRODUCT_BUNDLE_IDENTIFIER = com.curtisstilwell.AngelaCard;
				PRODUCT_NAME = "$(TARGET_NAME)";
				SWIFT_VERSION = 5.0;
				TARGETED_DEVICE_FAMILY = "1,2";
			};
			name = Debug;
		};
		60CF685A23F0DECB005D3668 /* Release */ = {
			isa = XCBuildConfiguration;
			buildSettings = {
				ASSETCATALOG_COMPILER_APPICON_NAME = AppIcon;
				CODE_SIGN_STYLE = Automatic;
				DEVELOPMENT_ASSET_PATHS = "\"AngelaCard/Preview Content\"";
				ENABLE_PREVIEWS = YES;
				INFOPLIST_FILE = AngelaCard/Info.plist;
				LD_RUNPATH_SEARCH_PATHS = (
					"$(inherited)",
					"@executable_path/Frameworks",
				);
				PRODUCT_BUNDLE_IDENTIFIER = com.curtisstilwell.AngelaCard;
				PRODUCT_NAME = "$(TARGET_NAME)";
				SWIFT_VERSION = 5.0;
				TARGETED_DEVICE_FAMILY = "1,2";
			};
			name = Release;
		};
		60CF685C23F0DECB005D3668 /* Debug */ = {
			isa = XCBuildConfiguration;
			buildSettings = {
				ALWAYS_EMBED_SWIFT_STANDARD_LIBRARIES = YES;
				BUNDLE_LOADER = "$(TEST_HOST)";
				CODE_SIGN_STYLE = Automatic;
				INFOPLIST_FILE = AngelaCardTests/Info.plist;
				IPHONEOS_DEPLOYMENT_TARGET = 13.2;
				LD_RUNPATH_SEARCH_PATHS = (
					"$(inherited)",
					"@executable_path/Frameworks",
					"@loader_path/Frameworks",
				);
				PRODUCT_BUNDLE_IDENTIFIER = com.curtisstilwell.AngelaCardTests;
				PRODUCT_NAME = "$(TARGET_NAME)";
				SWIFT_VERSION = 5.0;
				TARGETED_DEVICE_FAMILY = "1,2";
				TEST_HOST = "$(BUILT_PRODUCTS_DIR)/AngelaCard.app/AngelaCard";
			};
			name = Debug;
		};
		60CF685D23F0DECB005D3668 /* Release */ = {
			isa = XCBuildConfiguration;
			buildSettings = {
				ALWAYS_EMBED_SWIFT_STANDARD_LIBRARIES = YES;
				BUNDLE_LOADER = "$(TEST_HOST)";
				CODE_SIGN_STYLE = Automatic;
				INFOPLIST_FILE = AngelaCardTests/Info.plist;
				IPHONEOS_DEPLOYMENT_TARGET = 13.2;
				LD_RUNPATH_SEARCH_PATHS = (
					"$(inherited)",
					"@executable_path/Frameworks",
					"@loader_path/Frameworks",
				);
				PRODUCT_BUNDLE_IDENTIFIER = com.curtisstilwell.AngelaCardTests;
				PRODUCT_NAME = "$(TARGET_NAME)";
				SWIFT_VERSION = 5.0;
				TARGETED_DEVICE_FAMILY = "1,2";
				TEST_HOST = "$(BUILT_PRODUCTS_DIR)/AngelaCard.app/AngelaCard";
			};
			name = Release;
		};
		60CF685F23F0DECB005D3668 /* Debug */ = {
			isa = XCBuildConfiguration;
			buildSettings = {
				ALWAYS_EMBED_SWIFT_STANDARD_LIBRARIES = YES;
				CODE_SIGN_STYLE = Automatic;
				INFOPLIST_FILE = AngelaCardUITests/Info.plist;
				LD_RUNPATH_SEARCH_PATHS = (
					"$(inherited)",
					"@executable_path/Frameworks",
					"@loader_path/Frameworks",
				);
				PRODUCT_BUNDLE_IDENTIFIER = com.curtisstilwell.AngelaCardUITests;
				PRODUCT_NAME = "$(TARGET_NAME)";
				SWIFT_VERSION = 5.0;
				TARGETED_DEVICE_FAMILY = "1,2";
				TEST_TARGET_NAME = AngelaCard;
			};
			name = Debug;
		};
		60CF686023F0DECB005D3668 /* Release */ = {
			isa = XCBuildConfiguration;
			buildSettings = {
				ALWAYS_EMBED_SWIFT_STANDARD_LIBRARIES = YES;
				CODE_SIGN_STYLE = Automatic;
				INFOPLIST_FILE = AngelaCardUITests/Info.plist;
				LD_RUNPATH_SEARCH_PATHS = (
					"$(inherited)",
					"@executable_path/Frameworks",
					"@loader_path/Frameworks",
				);
				PRODUCT_BUNDLE_IDENTIFIER = com.curtisstilwell.AngelaCardUITests;
				PRODUCT_NAME = "$(TARGET_NAME)";
				SWIFT_VERSION = 5.0;
				TARGETED_DEVICE_FAMILY = "1,2";
				TEST_TARGET_NAME = AngelaCard;
			};
			name = Release;
		};
/* End XCBuildConfiguration section */

/* Begin XCConfigurationList section */
		60CF682923F0DEC8005D3668 /* Build configuration list for PBXProject "AngelaCard" */ = {
			isa = XCConfigurationList;
			buildConfigurations = (
				60CF685623F0DECB005D3668 /* Debug */,
				60CF685723F0DECB005D3668 /* Release */,
			);
			defaultConfigurationIsVisible = 0;
			defaultConfigurationName = Release;
		};
		60CF685823F0DECB005D3668 /* Build configuration list for PBXNativeTarget "AngelaCard" */ = {
			isa = XCConfigurationList;
			buildConfigurations = (
				60CF685923F0DECB005D3668 /* Debug */,
				60CF685A23F0DECB005D3668 /* Release */,
			);
			defaultConfigurationIsVisible = 0;
			defaultConfigurationName = Release;
		};
		60CF685B23F0DECB005D3668 /* Build configuration list for PBXNativeTarget "AngelaCardTests" */ = {
			isa = XCConfigurationList;
			buildConfigurations = (
				60CF685C23F0DECB005D3668 /* Debug */,
				60CF685D23F0DECB005D3668 /* Release */,
			);
			defaultConfigurationIsVisible = 0;
			defaultConfigurationName = Release;
		};
		60CF685E23F0DECB005D3668 /* Build configuration list for PBXNativeTarget "AngelaCardUITests" */ = {
			isa = XCConfigurationList;
			buildConfigurations = (
				60CF685F23F0DECB005D3668 /* Debug */,
				60CF686023F0DECB005D3668 /* Release */,
			);
			defaultConfigurationIsVisible = 0;
			defaultConfigurationName = Release;
		};
/* End XCConfigurationList section */
	};
	rootObject = 60CF682623F0DEC8005D3668 /* Project object */;
}
